
Microsoft Visual Studio Solution File, Format Version 12.00
Project("{FAE04EC0-301F-11D3-BF4B-00C04F79EFBC}") = "Desktop-Admin", "Desktop-Admin\Desktop-Admin.csproj", "{C4B39125-995A-4E42-806C-31F28D2EAFCA}"
EndProject
Project("{FAE04EC0-301F-11D3-BF4B-00C04F79EFBC}") = "WPFLibrary", "WPFLibrary\WPFLibrary.csproj", "{28F2290C-CAC0-4F0D-BDF9-12A89B08DFE5}"
EndProject
Global
	GlobalSection(SolutionConfigurationPlatforms) = preSolution
		Debug|Any CPU = Debug|Any CPU
		Release|Any CPU = Release|Any CPU
	EndGlobalSection
	GlobalSection(ProjectConfigurationPlatforms) = postSolution
		{C4B39125-995A-4E42-806C-31F28D2EAFCA}.Debug|Any CPU.ActiveCfg = Debug|Any CPU
		{C4B39125-995A-4E42-806C-31F28D2EAFCA}.Debug|Any CPU.Build.0 = Debug|Any CPU
		{C4B39125-995A-4E42-806C-31F28D2EAFCA}.Release|Any CPU.ActiveCfg = Release|Any CPU
		{C4B39125-995A-4E42-806C-31F28D2EAFCA}.Release|Any CPU.Build.0 = Release|Any CPU
		{28F2290C-CAC0-4F0D-BDF9-12A89B08DFE5}.Debug|Any CPU.ActiveCfg = Debug|Any CPU
		{28F2290C-CAC0-4F0D-BDF9-12A89B08DFE5}.Debug|Any CPU.Build.0 = Debug|Any CPU
		{28F2290C-CAC0-4F0D-BDF9-12A89B08DFE5}.Release|Any CPU.ActiveCfg = Release|Any CPU
		{28F2290C-CAC0-4F0D-BDF9-12A89B08DFE5}.Release|Any CPU.Build.0 = Release|Any CPU
	EndGlobalSection
EndGlobal
